lockfileVersion: 5.3

specifiers:
  '@supabase/supabase-js': ^1.29.4
  '@types/aws-lambda': ^8.10.70
  '@types/node': ^17.0.13
  ts-node: ^10.5.0
  typescript: ^4.5.5

dependencies:
  '@supabase/supabase-js': 1.30.7
  '@types/aws-lambda': 8.10.92
  '@types/node': 17.0.21
  typescript: 4.5.5

devDependencies:
  ts-node: 10.5.0_99a448058f874aec2a353d0e974167cc

packages:

  /@cspotcode/source-map-consumer/0.8.0:
    resolution: {integrity: sha512-41qniHzTU8yAGbCp04ohlmSrZf8bkf/iJsl3V0dRGsQN/5GFfx+LbCSsCpp2gqrqjTVg/K6O8ycoV35JIwAzAg==}
    engines: {node: '>= 12'}
    dev: true

  /@cspotcode/source-map-support/0.7.0:
    resolution: {integrity: sha512-X4xqRHqN8ACt2aHVe51OxeA2HjbcL4MqFqXkrmQszJ1NOUuUu5u6Vqx/0lZSVNku7velL5FC/s5uEAj1lsBMhA==}
    engines: {node: '>=12'}
    dependencies:
      '@cspotcode/source-map-consumer': 0.8.0
    dev: true

  /@supabase/gotrue-js/1.22.3:
    resolution: {integrity: sha512-w8PYtC23AQpPwwXDyd/YvEfp6O9a5Q50CGhFWNvnc6W82FayQluuJcpZ05K0rQktNvZzYxOkgOAFOm/+dvwrPQ==}
    dependencies:
      cross-fetch: 3.1.5
    transitivePeerDependencies:
      - encoding
    dev: false

  /@supabase/postgrest-js/0.36.2:
    resolution: {integrity: sha512-ZKQT+5ISWdsiSPDoVLnt/fiY82fUFw3lYLc2aMhx5tS3Zj6cChsWlK7NxH6ZZzo9Re/Pa/h4EoOzDZiDPywqxQ==}
    dependencies:
      cross-fetch: 3.1.5
    transitivePeerDependencies:
      - encoding
    dev: false

  /@supabase/realtime-js/1.3.6:
    resolution: {integrity: sha512-nkQv9A3Z6PgXl32rrQT+mG0oICSpTCTbjChh43GfSIaXXSZ10u5wMzaNqtp4jpqpyjwd8Zr2bDgwAo986T+xyw==}
    dependencies:
      '@types/websocket': 1.0.5
      websocket: 1.0.34
    dev: false

  /@supabase/storage-js/1.6.4:
    resolution: {integrity: sha512-vYcr1JGRf8Wr4v+lb8Ucl0bELwCZv8lT/PrYuhEKfJff6BI6/nTJp8rRZSRaDESQR8JlpaLaL+dmD/wsNqZnNQ==}
    dependencies:
      cross-fetch: 3.1.5
    transitivePeerDependencies:
      - encoding
    dev: false

  /@supabase/supabase-js/1.30.7:
    resolution: {integrity: sha512-po1Bkkn3gYw31D3JytzcTuoQYnvBx5Cnyzy7MPnwtSEZbTIITkoy4es2iHDYuPMOjS9kAfUlfhHV3xRw3ZfIsA==}
    dependencies:
      '@supabase/gotrue-js': 1.22.3
      '@supabase/postgrest-js': 0.36.2
      '@supabase/realtime-js': 1.3.6
      '@supabase/storage-js': 1.6.4
    transitivePeerDependencies:
      - encoding
    dev: false

  /@tsconfig/node10/1.0.8:
    resolution: {integrity: sha512-6XFfSQmMgq0CFLY1MslA/CPUfhIL919M1rMsa5lP2P097N2Wd1sSX0tx1u4olM16fLNhtHZpRhedZJphNJqmZg==}
    dev: true

  /@tsconfig/node12/1.0.9:
    resolution: {integrity: sha512-/yBMcem+fbvhSREH+s14YJi18sp7J9jpuhYByADT2rypfajMZZN4WQ6zBGgBKp53NKmqI36wFYDb3yaMPurITw==}
    dev: true

  /@tsconfig/node14/1.0.1:
    resolution: {integrity: sha512-509r2+yARFfHHE7T6Puu2jjkoycftovhXRqW328PDXTVGKihlb1P8Z9mMZH04ebyajfRY7dedfGynlrFHJUQCg==}
    dev: true

  /@tsconfig/node16/1.0.2:
    resolution: {integrity: sha512-eZxlbI8GZscaGS7kkc/trHTT5xgrjH3/1n2JDwusC9iahPKWMRvRjJSAN5mCXviuTGQ/lHnhvv8Q1YTpnfz9gA==}
    dev: true

  /@types/aws-lambda/8.10.92:
    resolution: {integrity: sha512-dB14TltT1SNq73z3MaZfKyyBZ37NAgAFl8jze59bisR4fJ6pB6AYGxItHFkooZbN7UcVJX/cFudM4p8wp1W4rA==}
    dev: false

  /@types/node/17.0.21:
    resolution: {integrity: sha512-DBZCJbhII3r90XbQxI8Y9IjjiiOGlZ0Hr32omXIZvwwZ7p4DMMXGrKXVyPfuoBOri9XNtL0UK69jYIBIsRX3QQ==}
    dev: false

  /@types/websocket/1.0.5:
    resolution: {integrity: sha512-NbsqiNX9CnEfC1Z0Vf4mE1SgAJ07JnRYcNex7AJ9zAVzmiGHmjKFEk7O4TJIsgv2B1sLEb6owKFZrACwdYngsQ==}
    dependencies:
      '@types/node': 17.0.21
    dev: false

  /acorn-walk/8.2.0:
    resolution: {integrity: sha512-k+iyHEuPgSw6SbuDpGQM+06HQUa04DZ3o+F6CSzXMvvI5KMvnaEqXe+YVe555R9nn6GPt404fos4wcgpw12SDA==}
    engines: {node: '>=0.4.0'}
    dev: true

  /acorn/8.7.0:
    resolution: {integrity: sha512-V/LGr1APy+PXIwKebEWrkZPwoeoF+w1jiOBUmuxuiUIaOHtob8Qc9BTrYo7VuI5fR8tqsy+buA2WFooR5olqvQ==}
    engines: {node: '>=0.4.0'}
    hasBin: true
    dev: true

  /arg/4.1.3:
    resolution: {integrity: sha512-58S9QDqG0Xx27YwPSt9fJxivjYl432YCwfDMfZ+71RAqUrZef7LrKQZ3LHLOwCS4FLNBplP533Zx895SeOCHvA==}
    dev: true

  /bufferutil/4.0.6:
    resolution: {integrity: sha512-jduaYOYtnio4aIAyc6UbvPCVcgq7nYpVnucyxr6eCYg/Woad9Hf/oxxBRDnGGjPfjUm6j5O/uBWhIu4iLebFaw==}
    engines: {node: '>=6.14.2'}
    requiresBuild: true
    dependencies:
      node-gyp-build: 4.3.0
    dev: false

  /create-require/1.1.1:
    resolution: {integrity: sha512-dcKFX3jn0MpIaXjisoRvexIJVEKzaq7z2rZKxf+MSr9TkdmHmsU4m2lcLojrj/FHl8mk5VxMmYA+ftRkP/3oKQ==}
    dev: true

  /cross-fetch/3.1.5:
    resolution: {integrity: sha512-lvb1SBsI0Z7GDwmuid+mU3kWVBwTVUbe7S0H52yaaAdQOXq2YktTCZdlAcNKFzE6QtRz0snpw9bNiPeOIkkQvw==}
    dependencies:
      node-fetch: 2.6.7
    transitivePeerDependencies:
      - encoding
    dev: false

  /d/1.0.1:
    resolution: {integrity: sha512-m62ShEObQ39CfralilEQRjH6oAMtNCV1xJyEx5LpRYUVN+EviphDgUc/F3hnYbADmkiNs67Y+3ylmlG7Lnu+FA==}
    dependencies:
      es5-ext: 0.10.53
      type: 1.2.0
    dev: false

  /debug/2.6.9:
    resolution: {integrity: sha512-bC7ElrdJaJnPbAP+1EotYvqZsb3ecl5wi6Bfi6BJTUcNowp6cvspg0jXznRTKDjm/E7AdgFBVeAPVMNcKGsHMA==}
    dependencies:
      ms: 2.0.0
    dev: false

  /diff/4.0.2:
    resolution: {integrity: sha512-58lmxKSA4BNyLz+HHMUzlOEpg09FV+ev6ZMe3vJihgdxzgcwZ8VoEEPmALCZG9LmqfVoNMMKpttIYTVG6uDY7A==}
    engines: {node: '>=0.3.1'}
    dev: true

  /es5-ext/0.10.53:
    resolution: {integrity: sha512-Xs2Stw6NiNHWypzRTY1MtaG/uJlwCk8kH81920ma8mvN8Xq1gsfhZvpkImLQArw8AHnv8MT2I45J3c0R8slE+Q==}
    dependencies:
      es6-iterator: 2.0.3
      es6-symbol: 3.1.3
      next-tick: 1.0.0
    dev: false

  /es6-iterator/2.0.3:
    resolution: {integrity: sha1-p96IkUGgWpSwhUQDstCg+/qY87c=}
    dependencies:
      d: 1.0.1
      es5-ext: 0.10.53
      es6-symbol: 3.1.3
    dev: false

  /es6-symbol/3.1.3:
    resolution: {integrity: sha512-NJ6Yn3FuDinBaBRWl/q5X/s4koRHBrgKAu+yGI6JCBeiu3qrcbJhwT2GeR/EXVfylRk8dpQVJoLEFhK+Mu31NA==}
    dependencies:
      d: 1.0.1
      ext: 1.6.0
    dev: false

  /ext/1.6.0:
    resolution: {integrity: sha512-sdBImtzkq2HpkdRLtlLWDa6w4DX22ijZLKx8BMPUuKe1c5lbN6xwQDQCxSfxBQnHZ13ls/FH0MQZx/q/gr6FQg==}
    dependencies:
      type: 2.6.0
    dev: false

  /is-typedarray/1.0.0:
    resolution: {integrity: sha1-5HnICFjfDBsR3dppQPlgEfzaSpo=}
    dev: false

  /make-error/1.3.6:
    resolution: {integrity: sha512-s8UhlNe7vPKomQhC1qFelMokr/Sc3AgNbso3n74mVPA5LTZwkB9NlXf4XPamLxJE8h0gh73rM94xvwRT2CVInw==}
    dev: true

  /ms/2.0.0:
    resolution: {integrity: sha1-VgiurfwAvmwpAd9fmGF4jeDVl8g=}
    dev: false

  /next-tick/1.0.0:
    resolution: {integrity: sha1-yobR/ogoFpsBICCOPchCS524NCw=}
    dev: false

  /node-fetch/2.6.7:
    resolution: {integrity: sha512-ZjMPFEfVx5j+y2yF35Kzx5sF7kDzxuDj6ziH4FFbOp87zKDZNx8yExJIb05OGF4Nlt9IHFIMBkRl41VdvcNdbQ==}
    engines: {node: 4.x || >=6.0.0}
    peerDependencies:
      encoding: ^0.1.0
    peerDependenciesMeta:
      encoding:
        optional: true
    dependencies:
      whatwg-url: 5.0.0
    dev: false

  /node-gyp-build/4.3.0:
    resolution: {integrity: sha512-iWjXZvmboq0ja1pUGULQBexmxq8CV4xBhX7VDOTbL7ZR4FOowwY/VOtRxBN/yKxmdGoIp4j5ysNT4u3S2pDQ3Q==}
    hasBin: true
    dev: false

  /tr46/0.0.3:
    resolution: {integrity: sha1-gYT9NH2snNwYWZLzpmIuFLnZq2o=}
    dev: false

  /ts-node/10.5.0_99a448058f874aec2a353d0e974167cc:
    resolution: {integrity: sha512-6kEJKwVxAJ35W4akuiysfKwKmjkbYxwQMTBaAxo9KKAx/Yd26mPUyhGz3ji+EsJoAgrLqVsYHNuuYwQe22lbtw==}
    hasBin: true
    peerDependencies:
      '@swc/core': '>=1.2.50'
      '@swc/wasm': '>=1.2.50'
      '@types/node': '*'
      typescript: '>=2.7'
    peerDependenciesMeta:
      '@swc/core':
        optional: true
      '@swc/wasm':
        optional: true
    dependencies:
      '@cspotcode/source-map-support': 0.7.0
      '@tsconfig/node10': 1.0.8
      '@tsconfig/node12': 1.0.9
      '@tsconfig/node14': 1.0.1
      '@tsconfig/node16': 1.0.2
      '@types/node': 17.0.21
      acorn: 8.7.0
      acorn-walk: 8.2.0
      arg: 4.1.3
      create-require: 1.1.1
      diff: 4.0.2
      make-error: 1.3.6
      typescript: 4.5.5
      v8-compile-cache-lib: 3.0.0
      yn: 3.1.1
    dev: true

  /type/1.2.0:
    resolution: {integrity: sha512-+5nt5AAniqsCnu2cEQQdpzCAh33kVx8n0VoFidKpB1dVVLAN/F+bgVOqOJqOnEnrhp222clB5p3vUlD+1QAnfg==}
    dev: false

  /type/2.6.0:
    resolution: {integrity: sha512-eiDBDOmkih5pMbo9OqsqPRGMljLodLcwd5XD5JbtNB0o89xZAwynY9EdCDsJU7LtcVCClu9DvM7/0Ep1hYX3EQ==}
    dev: false

  /typedarray-to-buffer/3.1.5:
    resolution: {integrity: sha512-zdu8XMNEDepKKR+XYOXAVPtWui0ly0NtohUscw+UmaHiAWT8hrV1rr//H6V+0DvJ3OQ19S979M0laLfX8rm82Q==}
    dependencies:
      is-typedarray: 1.0.0
    dev: false

  /typescript/4.5.5:
    resolution: {integrity: sha512-TCTIul70LyWe6IJWT8QSYeA54WQe8EjQFU4wY52Fasj5UKx88LNYKCgBEHcOMOrFF1rKGbD8v/xcNWVUq9SymA==}
    engines: {node: '>=4.2.0'}
    hasBin: true
    dev: false

  /utf-8-validate/5.0.8:
    resolution: {integrity: sha512-k4dW/Qja1BYDl2qD4tOMB9PFVha/UJtxTc1cXYOe3WwA/2m0Yn4qB7wLMpJyLJ/7DR0XnTut3HsCSzDT4ZvKgA==}
    engines: {node: '>=6.14.2'}
    requiresBuild: true
    dependencies:
      node-gyp-build: 4.3.0
    dev: false

  /v8-compile-cache-lib/3.0.0:
    resolution: {integrity: sha512-mpSYqfsFvASnSn5qMiwrr4VKfumbPyONLCOPmsR3A6pTY/r0+tSaVbgPWSAIuzbk3lCTa+FForeTiO+wBQGkjA==}
    dev: true

  /webidl-conversions/3.0.1:
    resolution: {integrity: sha1-JFNCdeKnvGvnvIZhHMFq4KVlSHE=}
    dev: false

  /websocket/1.0.34:
    resolution: {integrity: sha512-PRDso2sGwF6kM75QykIesBijKSVceR6jL2G8NGYyq2XrItNC2P5/qL5XeR056GhA+Ly7JMFvJb9I312mJfmqnQ==}
    engines: {node: '>=4.0.0'}
    dependencies:
      bufferutil: 4.0.6
      debug: 2.6.9
      es5-ext: 0.10.53
      typedarray-to-buffer: 3.1.5
      utf-8-validate: 5.0.8
      yaeti: 0.0.6
    dev: false

  /whatwg-url/5.0.0:
    resolution: {integrity: sha1-lmRU6HZUYuN2RNNib2dCzotwll0=}
    dependencies:
      tr46: 0.0.3
      webidl-conversions: 3.0.1
    dev: false

  /yaeti/0.0.6:
    resolution: {integrity: sha1-8m9ITXJoTPQr7ft2lwqhYI+/lXc=}
    engines: {node: '>=0.10.32'}
    dev: false

  /yn/3.1.1:
    resolution: {integrity: sha512-Ux4ygGWsu2c7isFWe8Yu1YluJmqVhxqK2cLXNQA5AcC3QfbGNpM7fu0Y8b/z16pXLnFxZYvWhd3fhBY9DLmC6Q==}
    engines: {node: '>=6'}
    dev: true
